
Microsoft Visual Studio Solution File, Format Version 12.00
# Visual Studio Version 17
VisualStudioVersion = 17.8.34309.116
MinimumVisualStudioVersion = 10.0.40219.1
Project("{FAE04EC0-301F-11D3-BF4B-00C04F79EFBC}") = "AlunosApi", "AlunosApi\AlunosApi.csproj", "{7C6AFF74-CE65-445D-B29F-8C0A26DA1147}"
EndProject
Global
	GlobalSection(SolutionConfigurationPlatforms) = preSolution
		Debug|Any CPU = Debug|Any CPU
		Release|Any CPU = Release|Any CPU
	EndGlobalSection
	GlobalSection(ProjectConfigurationPlatforms) = postSolution
		{7C6AFF74-CE65-445D-B29F-8C0A26DA1147}.Debug|Any CPU.ActiveCfg = Debug|Any CPU
		{7C6AFF74-CE65-445D-B29F-8C0A26DA1147}.Debug|Any CPU.Build.0 = Debug|Any CPU
		{7C6AFF74-CE65-445D-B29F-8C0A26DA1147}.Release|Any CPU.ActiveCfg = Release|Any CPU
		{7C6AFF74-CE65-445D-B29F-8C0A26DA1147}.Release|Any CPU.Build.0 = Release|Any CPU
	EndGlobalSection
	GlobalSection(SolutionProperties) = preSolution
		HideSolutionNode = FALSE
	EndGlobalSection
	GlobalSection(ExtensibilityGlobals) = postSolution
		SolutionGuid = {609CC323-DC97-44E6-8891-83A1C5274EF6}
	EndGlobalSection
EndGlobal
